
Microsoft Visual Studio Solution File, Format Version 12.00
# Visual Studio 15
VisualStudioVersion = 15.0.27130.2027
MinimumVisualStudioVersion = 10.0.40219.1
Project("{FAE04EC0-301F-11D3-BF4B-00C04F79EFBC}") = "moeKino", "moeKino\moeKino.csproj", "{0707FDBF-3B40-4B68-BD87-38D1C7557C09}"
EndProject
Global
	GlobalSection(SolutionConfigurationPlatforms) = preSolution
		Debug|Any CPU = Debug|Any CPU
		Release|Any CPU = Release|Any CPU
	EndGlobalSection
	GlobalSection(ProjectConfigurationPlatforms) = postSolution
		{0707FDBF-3B40-4B68-BD87-38D1C7557C09}.Debug|Any CPU.ActiveCfg = Debug|Any CPU
		{0707FDBF-3B40-4B68-BD87-38D1C7557C09}.Debug|Any CPU.Build.0 = Debug|Any CPU
		{0707FDBF-3B40-4B68-BD87-38D1C7557C09}.Release|Any CPU.ActiveCfg = Release|Any CPU
		{0707FDBF-3B40-4B68-BD87-38D1C7557C09}.Release|Any CPU.Build.0 = Release|Any CPU
	EndGlobalSection
	GlobalSection(SolutionProperties) = preSolution
		HideSolutionNode = FALSE
	EndGlobalSection
	GlobalSection(ExtensibilityGlobals) = postSolution
		SolutionGuid = {8C0360ED-6543-4850-AEAF-CB03C343513C}
	EndGlobalSection
EndGlobal
